
Microsoft Visual Studio Solution File, Format Version 12.00
# Visual Studio 2013
VisualStudioVersion = 12.0.21005.1
MinimumVisualStudioVersion = 10.0.40219.1
Project("{FAE04EC0-301F-11D3-BF4B-00C04F79EFBC}") = "View", "View\View.csproj", "{47895D6B-23E8-4C65-AFE4-57BF908BA6B5}"
EndProject
Project("{FAE04EC0-301F-11D3-BF4B-00C04F79EFBC}") = "Controller", "Controller\Controller.csproj", "{9B88BC91-CB70-4D78-802A-8F1AB91CB5F3}"
EndProject
Project("{FAE04EC0-301F-11D3-BF4B-00C04F79EFBC}") = "Entities", "Entities\Entities.csproj", "{F329EEFC-815A-4B68-88C6-6E3B00CF7D20}"
EndProject
Project("{FAE04EC0-301F-11D3-BF4B-00C04F79EFBC}") = "Model", "Model\Model.csproj", "{055629F1-A358-47EA-99B7-F74C0E663A8E}"
EndProject
Global
	GlobalSection(SolutionConfigurationPlatforms) = preSolution
		Debug|Any CPU = Debug|Any CPU
		Release|Any CPU = Release|Any CPU
	EndGlobalSection
	GlobalSection(ProjectConfigurationPlatforms) = postSolution
		{47895D6B-23E8-4C65-AFE4-57BF908BA6B5}.Debug|Any CPU.ActiveCfg = Debug|Any CPU
		{47895D6B-23E8-4C65-AFE4-57BF908BA6B5}.Debug|Any CPU.Build.0 = Debug|Any CPU
		{47895D6B-23E8-4C65-AFE4-57BF908BA6B5}.Release|Any CPU.ActiveCfg = Release|Any CPU
		{47895D6B-23E8-4C65-AFE4-57BF908BA6B5}.Release|Any CPU.Build.0 = Release|Any CPU
		{9B88BC91-CB70-4D78-802A-8F1AB91CB5F3}.Debug|Any CPU.ActiveCfg = Debug|Any CPU
		{9B88BC91-CB70-4D78-802A-8F1AB91CB5F3}.Debug|Any CPU.Build.0 = Debug|Any CPU
		{9B88BC91-CB70-4D78-802A-8F1AB91CB5F3}.Release|Any CPU.ActiveCfg = Release|Any CPU
		{9B88BC91-CB70-4D78-802A-8F1AB91CB5F3}.Release|Any CPU.Build.0 = Release|Any CPU
		{F329EEFC-815A-4B68-88C6-6E3B00CF7D20}.Debug|Any CPU.ActiveCfg = Debug|Any CPU
		{F329EEFC-815A-4B68-88C6-6E3B00CF7D20}.Debug|Any CPU.Build.0 = Debug|Any CPU
		{F329EEFC-815A-4B68-88C6-6E3B00CF7D20}.Release|Any CPU.ActiveCfg = Release|Any CPU
		{F329EEFC-815A-4B68-88C6-6E3B00CF7D20}.Release|Any CPU.Build.0 = Release|Any CPU
		{055629F1-A358-47EA-99B7-F74C0E663A8E}.Debug|Any CPU.ActiveCfg = Debug|Any CPU
		{055629F1-A358-47EA-99B7-F74C0E663A8E}.Debug|Any CPU.Build.0 = Debug|Any CPU
		{055629F1-A358-47EA-99B7-F74C0E663A8E}.Release|Any CPU.ActiveCfg = Release|Any CPU
		{055629F1-A358-47EA-99B7-F74C0E663A8E}.Release|Any CPU.Build.0 = Release|Any CPU
	EndGlobalSection
	GlobalSection(SolutionProperties) = preSolution
		HideSolutionNode = FALSE
	EndGlobalSection
EndGlobal
